// !$*UTF8*$!
{
	archiveVersion = 1;
	classes = {
	};
	objectVersion = 56;
	objects = {

/* Begin PBXBuildFile section */
		45DED91F2A6B841700C9457B /* AppDelegate.swift in Sources */ = {isa = PBXBuildFile; fileRef = 45DED91E2A6B841700C9457B /* AppDelegate.swift */; };
		45DED9212A6B841700C9457B /* SceneDelegate.swift in Sources */ = {isa = PBXBuildFile; fileRef = 45DED9202A6B841700C9457B /* SceneDelegate.swift */; };
		45DED9232A6B841700C9457B /* ViewController.swift in Sources */ = {isa = PBXBuildFile; fileRef = 45DED9222A6B841700C9457B /* ViewController.swift */; };
		45DED9262A6B841700C9457B /* Main.storyboard in Resources */ = {isa = PBXBuildFile; fileRef = 45DED9242A6B841700C9457B /* Main.storyboard */; };
		45DED9282A6B841A00C9457B /* Assets.xcassets in Resources */ = {isa = PBXBuildFile; fileRef = 45DED9272A6B841A00C9457B /* Assets.xcassets */; };
		45DED92B2A6B841A00C9457B /* LaunchScreen.storyboard in Resources */ = {isa = PBXBuildFile; fileRef = 45DED9292A6B841A00C9457B /* LaunchScreen.storyboard */; };
		45DED9362A6B841A00C9457B /* DicerTests.swift in Sources */ = {isa = PBXBuildFile; fileRef = 45DED9352A6B841A00C9457B /* DicerTests.swift */; };
		45DED9402A6B841A00C9457B /* DicerUITests.swift in Sources */ = {isa = PBXBuildFile; fileRef = 45DED93F2A6B841A00C9457B /* DicerUITests.swift */; };
		45DED9422A6B841A00C9457B /* DicerUITestsLaunchTests.swift in Sources */ = {isa = PBXBuildFile; fileRef = 45DED9412A6B841A00C9457B /* DicerUITestsLaunchTests.swift */; };
/* End PBXBuildFile section */

/* Begin PBXContainerItemProxy section */
		45DED9322A6B841A00C9457B /* PBXContainerItemProxy */ = {
			isa = PBXContainerItemProxy;
			containerPortal = 45DED9132A6B841700C9457B /* Project object */;
			proxyType = 1;
			remoteGlobalIDString = 45DED91A2A6B841700C9457B;
			remoteInfo = Dicer;
		};
		45DED93C2A6B841A00C9457B /* PBXContainerItemProxy */ = {
			isa = PBXContainerItemProxy;
			containerPortal = 45DED9132A6B841700C9457B /* Project object */;
			proxyType = 1;
			remoteGlobalIDString = 45DED91A2A6B841700C9457B;
			remoteInfo = Dicer;
		};
/* End PBXContainerItemProxy section */

/* Begin PBXFileReference section */
		45DED91B2A6B841700C9457B /* Dicer.app */ = {isa = PBXFileReference; explicitFileType = wrapper.application; includeInIndex = 0; path = Dicer.app; sourceTree = BUILT_PRODUCTS_DIR; };
		45DED91E2A6B841700C9457B /* AppDelegate.swift */ = {isa = PBXFileReference; lastKnownFileType = sourcecode.swift; path = AppDelegate.swift; sourceTree = "<group>"; };
		45DED9202A6B841700C9457B /* SceneDelegate.swift */ = {isa = PBXFileReference; lastKnownFileType = sourcecode.swift; path = SceneDelegate.swift; sourceTree = "<group>"; };
		45DED9222A6B841700C9457B /* ViewController.swift */ = {isa = PBXFileReference; lastKnownFileType = sourcecode.swift; path = ViewController.swift; sourceTree = "<group>"; };
		45DED9252A6B841700C9457B /* Base */ = {isa = PBXFileReference; lastKnownFileType = file.storyboard; name = Base; path = Base.lproj/Main.storyboard; sourceTree = "<group>"; };
		45DED9272A6B841A00C9457B /* Assets.xcassets */ = {isa = PBXFileReference; lastKnownFileType = folder.assetcatalog; path = Assets.xcassets; sourceTree = "<group>"; };
		45DED92A2A6B841A00C9457B /* Base */ = {isa = PBXFileReference; lastKnownFileType = file.storyboard; name = Base; path = Base.lproj/LaunchScreen.storyboard; sourceTree = "<group>"; };
		45DED92C2A6B841A00C9457B /* Info.plist */ = {isa = PBXFileReference; lastKnownFileType = text.plist.xml; path = Info.plist; sourceTree = "<group>"; };
		45DED9312A6B841A00C9457B /* DicerTests.xctest */ = {isa = PBXFileReference; explicitFileType = wrapper.cfbundle; includeInIndex = 0; path = DicerTests.xctest; sourceTree = BUILT_PRODUCTS_DIR; };
		45DED9352A6B841A00C9457B /* DicerTests.swift */ = {isa = PBXFileReference; lastKnownFileType = sourcecode.swift; path = DicerTests.swift; sourceTree = "<group>"; };
		45DED93B2A6B841A00C9457B /* DicerUITests.xctest */ = {isa = PBXFileReference; explicitFileType = wrapper.cfbundle; includeInIndex = 0; path = DicerUITests.xctest; sourceTree = BUILT_PRODUCTS_DIR; };
		45DED93F2A6B841A00C9457B /* DicerUITests.swift */ = {isa = PBXFileReference; lastKnownFileType = sourcecode.swift; path = DicerUITests.swift; sourceTree = "<group>"; };
		45DED9412A6B841A00C9457B /* DicerUITestsLaunchTests.swift */ = {isa = PBXFileReference; lastKnownFileType = sourcecode.swift; path = DicerUITestsLaunchTests.swift; sourceTree = "<group>"; };
/* End PBXFileReference section */

/* Begin PBXFrameworksBuildPhase section */
		45DED9182A6B841700C9457B /* Frameworks */ = {
			isa = PBXFrameworksBuildPhase;
			buildActionMask = 2147483647;
			files = (
			);
			runOnlyForDeploymentPostprocessing = 0;
		};
		45DED92E2A6B841A00C9457B /* Frameworks */ = {
			isa = PBXFrameworksBuildPhase;
			buildActionMask = 2147483647;
			files = (
			);
			runOnlyForDeploymentPostprocessing = 0;
		};
		45DED9382A6B841A00C9457B /* Frameworks */ = {
			isa = PBXFrameworksBuildPhase;
			buildActionMask = 2147483647;
			files = (
			);
			runOnlyForDeploymentPostprocessing = 0;
		};
/* End PBXFrameworksBuildPhase section */

/* Begin PBXGroup section */
		45DED9122A6B841700C9457B = {
			isa = PBXGroup;
			children = (
				45DED91D2A6B841700C9457B /* Dicer */,
				45DED9342A6B841A00C9457B /* DicerTests */,
				45DED93E2A6B841A00C9457B /* DicerUITests */,
				45DED91C2A6B841700C9457B /* Products */,
			);
			sourceTree = "<group>";
		};
		45DED91C2A6B841700C9457B /* Products */ = {
			isa = PBXGroup;
			children = (
				45DED91B2A6B841700C9457B /* Dicer.app */,
				45DED9312A6B841A00C9457B /* DicerTests.xctest */,
				45DED93B2A6B841A00C9457B /* DicerUITests.xctest */,
			);
			name = Products;
			sourceTree = "<group>";
		};
		45DED91D2A6B841700C9457B /* Dicer */ = {
			isa = PBXGroup;
			children = (
				45DED91E2A6B841700C9457B /* AppDelegate.swift */,
				45DED9202A6B841700C9457B /* SceneDelegate.swift */,
				45DED9222A6B841700C9457B /* ViewController.swift */,
				45DED9242A6B841700C9457B /* Main.storyboard */,
				45DED9272A6B841A00C9457B /* Assets.xcassets */,
				45DED9292A6B841A00C9457B /* LaunchScreen.storyboard */,
				45DED92C2A6B841A00C9457B /* Info.plist */,
			);
			path = Dicer;
			sourceTree = "<group>";
		};
		45DED9342A6B841A00C9457B /* DicerTests */ = {
			isa = PBXGroup;
			children = (
				45DED9352A6B841A00C9457B /* DicerTests.swift */,
			);
			path = DicerTests;
			sourceTree = "<group>";
		};
		45DED93E2A6B841A00C9457B /* DicerUITests */ = {
			isa = PBXGroup;
			children = (
				45DED93F2A6B841A00C9457B /* DicerUITests.swift */,
				45DED9412A6B841A00C9457B /* DicerUITestsLaunchTests.swift */,
			);
			path = DicerUITests;
			sourceTree = "<group>";
		};
/* End PBXGroup section */

/* Begin PBXNativeTarget section */
		45DED91A2A6B841700C9457B /* Dicer */ = {
			isa = PBXNativeTarget;
			buildConfigurationList = 45DED9452A6B841A00C9457B /* Build configuration list for PBXNativeTarget "Dicer" */;
			buildPhases = (
				45DED9172A6B841700C9457B /* Sources */,
				45DED9182A6B841700C9457B /* Frameworks */,
				45DED9192A6B841700C9457B /* Resources */,
			);
			buildRules = (
			);
			dependencies = (
			);
			name = Dicer;
			productName = Dicer;
			productReference = 45DED91B2A6B841700C9457B /* Dicer.app */;
			productType = "com.apple.product-type.application";
		};
		45DED9302A6B841A00C9457B /* DicerTests */ = {
			isa = PBXNativeTarget;
			buildConfigurationList = 45DED9482A6B841A00C9457B /* Build configuration list for PBXNativeTarget "DicerTests" */;
			buildPhases = (
				45DED92D2A6B841A00C9457B /* Sources */,
				45DED92E2A6B841A00C9457B /* Frameworks */,
				45DED92F2A6B841A00C9457B /* Resources */,
			);
			buildRules = (
			);
			dependencies = (
				45DED9332A6B841A00C9457B /* PBXTargetDependency */,
			);
			name = DicerTests;
			productName = DicerTests;
			productReference = 45DED9312A6B841A00C9457B /* DicerTests.xctest */;
			productType = "com.apple.product-type.bundle.unit-test";
		};
		45DED93A2A6B841A00C9457B /* DicerUITests */ = {
			isa = PBXNativeTarget;
			buildConfigurationList = 45DED94B2A6B841A00C9457B /* Build configuration list for PBXNativeTarget "DicerUITests" */;
			buildPhases = (
				45DED9372A6B841A00C9457B /* Sources */,
				45DED9382A6B841A00C9457B /* Frameworks */,
				45DED9392A6B841A00C9457B /* Resources */,
			);
			buildRules = (
			);
			dependencies = (
				45DED93D2A6B841A00C9457B /* PBXTargetDependency */,
			);
			name = DicerUITests;
			productName = DicerUITests;
			productReference = 45DED93B2A6B841A00C9457B /* DicerUITests.xctest */;
			productType = "com.apple.product-type.bundle.ui-testing";
		};
/* End PBXNativeTarget section */

/* Begin PBXProject section */
		45DED9132A6B841700C9457B /* Project object */ = {
			isa = PBXProject;
			attributes = {
				BuildIndependentTargetsInParallel = 1;
				LastSwiftUpdateCheck = 1430;
				LastUpgradeCheck = 1430;
				TargetAttributes = {
					45DED91A2A6B841700C9457B = {
						CreatedOnToolsVersion = 14.3.1;
					};
					45DED9302A6B841A00C9457B = {
						CreatedOnToolsVersion = 14.3.1;
						TestTargetID = 45DED91A2A6B841700C9457B;
					};
					45DED93A2A6B841A00C9457B = {
						CreatedOnToolsVersion = 14.3.1;
						TestTargetID = 45DED91A2A6B841700C9457B;
					};
				};
			};
			buildConfigurationList = 45DED9162A6B841700C9457B /* Build configuration list for PBXProject "Dicer" */;
			compatibilityVersion = "Xcode 14.0";
			developmentRegion = en;
			hasScannedForEncodings = 0;
			knownRegions = (
				en,
				Base,
			);
			mainGroup = 45DED9122A6B841700C9457B;
			productRefGroup = 45DED91C2A6B841700C9457B /* Products */;
			projectDirPath = "";
			projectRoot = "";
			targets = (
				45DED91A2A6B841700C9457B /* Dicer */,
				45DED9302A6B841A00C9457B /* DicerTests */,
				45DED93A2A6B841A00C9457B /* DicerUITests */,
			);
		};
/* End PBXProject section */

/* Begin PBXResourcesBuildPhase section */
		45DED9192A6B841700C9457B /* Resources */ = {
			isa = PBXResourcesBuildPhase;
			buildActionMask = 2147483647;
			files = (
				45DED92B2A6B841A00C9457B /* LaunchScreen.storyboard in Resources */,
				45DED9282A6B841A00C9457B /* Assets.xcassets in Resources */,
				45DED9262A6B841700C9457B /* Main.storyboard in Resources */,
			);
			runOnlyForDeploymentPostprocessing = 0;
		};
		45DED92F2A6B841A00C9457B /* Resources */ = {
			isa = PBXResourcesBuildPhase;
			buildActionMask = 2147483647;
			files = (
			);
			runOnlyForDeploymentPostprocessing = 0;
		};
		45DED9392A6B841A00C9457B /* Resources */ = {
			isa = PBXResourcesBuildPhase;
			buildActionMask = 2147483647;
			files = (
			);
			runOnlyForDeploymentPostprocessing = 0;
		};
/* End PBXResourcesBuildPhase section */

/* Begin PBXSourcesBuildPhase section */
		45DED9172A6B841700C9457B /* Sources */ = {
			isa = PBXSourcesBuildPhase;
			buildActionMask = 2147483647;
			files = (
				45DED9232A6B841700C9457B /* ViewController.swift in Sources */,
				45DED91F2A6B841700C9457B /* AppDelegate.swift in Sources */,
				45DED9212A6B841700C9457B /* SceneDelegate.swift in Sources */,
			);
			runOnlyForDeploymentPostprocessing = 0;
		};
		45DED92D2A6B841A00C9457B /* Sources */ = {
			isa = PBXSourcesBuildPhase;
			buildActionMask = 2147483647;
			files = (
				45DED9362A6B841A00C9457B /* DicerTests.swift in Sources */,
			);
			runOnlyForDeploymentPostprocessing = 0;
		};
		45DED9372A6B841A00C9457B /* Sources */ = {
			isa = PBXSourcesBuildPhase;
			buildActionMask = 2147483647;
			files = (
				45DED9422A6B841A00C9457B /* DicerUITestsLaunchTests.swift in Sources */,
				45DED9402A6B841A00C9457B /* DicerUITests.swift in Sources */,
			);
			runOnlyForDeploymentPostprocessing = 0;
		};
/* End PBXSourcesBuildPhase section */

/* Begin PBXTargetDependency section */
		45DED9332A6B841A00C9457B /* PBXTargetDependency */ = {
			isa = PBXTargetDependency;
			target = 45DED91A2A6B841700C9457B /* Dicer */;
			targetProxy = 45DED9322A6B841A00C9457B /* PBXContainerItemProxy */;
		};
		45DED93D2A6B841A00C9457B /* PBXTargetDependency */ = {
			isa = PBXTargetDependency;
			target = 45DED91A2A6B841700C9457B /* Dicer */;
			targetProxy = 45DED93C2A6B841A00C9457B /* PBXContainerItemProxy */;
		};
/* End PBXTargetDependency section */

/* Begin PBXVariantGroup section */
		45DED9242A6B841700C9457B /* Main.storyboard */ = {
			isa = PBXVariantGroup;
			children = (
				45DED9252A6B841700C9457B /* Base */,
			);
			name = Main.storyboard;
			sourceTree = "<group>";
		};
		45DED9292A6B841A00C9457B /* LaunchScreen.storyboard */ = {
			isa = PBXVariantGroup;
			children = (
				45DED92A2A6B841A00C9457B /* Base */,
			);
			name = LaunchScreen.storyboard;
			sourceTree = "<group>";
		};
/* End PBXVariantGroup section */

/* Begin XCBuildConfiguration section */
		45DED9432A6B841A00C9457B /* Debug */ = {
			isa = XCBuildConfiguration;
			buildSettings = {
				ALWAYS_SEARCH_USER_PATHS = NO;
				CLANG_ANALYZER_NONNULL = YES;
				CLANG_ANALYZER_NUMBER_OBJECT_CONVERSION = YES_AGGRESSIVE;
				CLANG_CXX_LANGUAGE_STANDARD = "gnu++20";
				CLANG_ENABLE_MODULES = YES;
				CLANG_ENABLE_OBJC_ARC = YES;
				CLANG_ENABLE_OBJC_WEAK = YES;
				CLANG_WARN_BLOCK_CAPTURE_AUTORELEASING = YES;
				CLANG_WARN_BOOL_CONVERSION = YES;
				CLANG_WARN_COMMA = YES;
				CLANG_WARN_CONSTANT_CONVERSION = YES;
				CLANG_WARN_DEPRECATED_OBJC_IMPLEMENTATIONS = YES;
				CLANG_WARN_DIRECT_OBJC_ISA_USAGE = YES_ERROR;
				CLANG_WARN_DOCUMENTATION_COMMENTS = YES;
				CLANG_WARN_EMPTY_BODY = YES;
				CLANG_WARN_ENUM_CONVERSION = YES;
				CLANG_WARN_INFINITE_RECURSION = YES;
				CLANG_WARN_INT_CONVERSION = YES;
				CLANG_WARN_NON_LITERAL_NULL_CONVERSION = YES;
				CLANG_WARN_OBJC_IMPLICIT_RETAIN_SELF = YES;
				CLANG_WARN_OBJC_LITERAL_CONVERSION = YES;
				CLANG_WARN_OBJC_ROOT_CLASS = YES_ERROR;
				CLANG_WARN_QUOTED_INCLUDE_IN_FRAMEWORK_HEADER = YES;
				CLANG_WARN_RANGE_LOOP_ANALYSIS = YES;
				CLANG_WARN_STRICT_PROTOTYPES = YES;
				CLANG_WARN_SUSPICIOUS_MOVE = YES;
				CLANG_WARN_UNGUARDED_AVAILABILITY = YES_AGGRESSIVE;
				CLANG_WARN_UNREACHABLE_CODE = YES;
				CLANG_WARN__DUPLICATE_METHOD_MATCH = YES;
				COPY_PHASE_STRIP = NO;
				DEBUG_INFORMATION_FORMAT = dwarf;
				ENABLE_STRICT_OBJC_MSGSEND = YES;
				ENABLE_TESTABILITY = YES;
				GCC_C_LANGUAGE_STANDARD = gnu11;
				GCC_DYNAMIC_NO_PIC = NO;
				GCC_NO_COMMON_BLOCKS = YES;
				GCC_OPTIMIZATION_LEVEL = 0;
				GCC_PREPROCESSOR_DEFINITIONS = (
					"DEBUG=1",
					"$(inherited)",
				);
				GCC_WARN_64_TO_32_BIT_CONVERSION = YES;
				GCC_WARN_ABOUT_RETURN_TYPE = YES_ERROR;
				GCC_WARN_UNDECLARED_SELECTOR = YES;
				GCC_WARN_UNINITIALIZED_AUTOS = YES_AGGRESSIVE;
				GCC_WARN_UNUSED_FUNCTION = YES;
				GCC_WARN_UNUSED_VARIABLE = YES;
				IPHONEOS_DEPLOYMENT_TARGET = 16.4;
				MTL_ENABLE_DEBUG_INFO = INCLUDE_SOURCE;
				MTL_FAST_MATH = YES;
				ONLY_ACTIVE_ARCH = YES;
				SDKROOT = iphoneos;
				SWIFT_ACTIVE_COMPILATION_CONDITIONS = DEBUG;
				SWIFT_OPTIMIZATION_LEVEL = "-Onone";
			};
			name = Debug;
		};
		45DED9442A6B841A00C9457B /* Release */ = {
			isa = XCBuildConfiguration;
			buildSettings = {
				ALWAYS_SEARCH_USER_PATHS = NO;
				CLANG_ANALYZER_NONNULL = YES;
				CLANG_ANALYZER_NUMBER_OBJECT_CONVERSION = YES_AGGRESSIVE;
				CLANG_CXX_LANGUAGE_STANDARD = "gnu++20";
				CLANG_ENABLE_MODULES = YES;
				CLANG_ENABLE_OBJC_ARC = YES;
				CLANG_ENABLE_OBJC_WEAK = YES;
				CLANG_WARN_BLOCK_CAPTURE_AUTORELEASING = YES;
				CLANG_WARN_BOOL_CONVERSION = YES;
				CLANG_WARN_COMMA = YES;
				CLANG_WARN_CONSTANT_CONVERSION = YES;
				CLANG_WARN_DEPRECATED_OBJC_IMPLEMENTATIONS = YES;
				CLANG_WARN_DIRECT_OBJC_ISA_USAGE = YES_ERROR;
				CLANG_WARN_DOCUMENTATION_COMMENTS = YES;
				CLANG_WARN_EMPTY_BODY = YES;
				CLANG_WARN_ENUM_CONVERSION = YES;
				CLANG_WARN_INFINITE_RECURSION = YES;
				CLANG_WARN_INT_CONVERSION = YES;
				CLANG_WARN_NON_LITERAL_NULL_CONVERSION = YES;
				CLANG_WARN_OBJC_IMPLICIT_RETAIN_SELF = YES;
				CLANG_WARN_OBJC_LITERAL_CONVERSION = YES;
				CLANG_WARN_OBJC_ROOT_CLASS = YES_ERROR;
				CLANG_WARN_QUOTED_INCLUDE_IN_FRAMEWORK_HEADER = YES;
				CLANG_WARN_RANGE_LOOP_ANALYSIS = YES;
				CLANG_WARN_STRICT_PROTOTYPES = YES;
				CLANG_WARN_SUSPICIOUS_MOVE = YES;
				CLANG_WARN_UNGUARDED_AVAILABILITY = YES_AGGRESSIVE;
				CLANG_WARN_UNREACHABLE_CODE = YES;
				CLANG_WARN__DUPLICATE_METHOD_MATCH = YES;
				COPY_PHASE_STRIP = NO;
				DEBUG_INFORMATION_FORMAT = "dwarf-with-dsym";
				ENABLE_NS_ASSERTIONS = NO;
				ENABLE_STRICT_OBJC_MSGSEND = YES;
				GCC_C_LANGUAGE_STANDARD = gnu11;
				GCC_NO_COMMON_BLOCKS = YES;
				GCC_WARN_64_TO_32_BIT_CONVERSION = YES;
				GCC_WARN_ABOUT_RETURN_TYPE = YES_ERROR;
				GCC_WARN_UNDECLARED_SELECTOR = YES;
				GCC_WARN_UNINITIALIZED_AUTOS = YES_AGGRESSIVE;
				GCC_WARN_UNUSED_FUNCTION = YES;
				GCC_WARN_UNUSED_VARIABLE = YES;
				IPHONEOS_DEPLOYMENT_TARGET = 16.4;
				MTL_ENABLE_DEBUG_INFO = NO;
				MTL_FAST_MATH = YES;
				SDKROOT = iphoneos;
				SWIFT_COMPILATION_MODE = wholemodule;
				SWIFT_OPTIMIZATION_LEVEL = "-O";
				VALIDATE_PRODUCT = YES;
			};
			name = Release;
		};
		45DED9462A6B841A00C9457B /* Debug */ = {
			isa = XCBuildConfiguration;
			buildSettings = {
				ASSETCATALOG_COMPILER_APPICON_NAME = AppIcon;
				ASSETCATALOG_COMPILER_GLOBAL_ACCENT_COLOR_NAME = AccentColor;
				CODE_SIGN_STYLE = Automatic;
				CURRENT_PROJECT_VERSION = 1;
				GENERATE_INFOPLIST_FILE = YES;
				INFOPLIST_FILE = Dicer/Info.plist;
				INFOPLIST_KEY_UIApplicationSupportsIndirectInputEvents = YES;
				INFOPLIST_KEY_UILaunchStoryboardName = LaunchScreen;
				INFOPLIST_KEY_UIMainStoryboardFile = Main;
				INFOPLIST_KEY_UISupportedInterfaceOrientations_iPad = "UIInterfaceOrientationPortrait UIInterfaceOrientationPortraitUpsideDown UIInterfaceOrientationLandscapeLeft UIInterfaceOrientationLandscapeRight";
				INFOPLIST_KEY_UISupportedInterfaceOrientations_iPhone = "UIInterfaceOrientationPortrait UIInterfaceOrientationLandscapeLeft UIInterfaceOrientationLandscapeRight";
				LD_RUNPATH_SEARCH_PATHS = (
					"$(inherited)",
					"@executable_path/Frameworks",
				);
				MARKETING_VERSION = 1.0;
				PRODUCT_BUNDLE_IDENTIFIER = co.Dicer;
				PRODUCT_NAME = "$(TARGET_NAME)";
				SWIFT_EMIT_LOC_STRINGS = YES;
				SWIFT_VERSION = 5.0;
				TARGETED_DEVICE_FAMILY = "1,2";
			};
			name = Debug;
		};
		45DED9472A6B841A00C9457B /* Release */ = {
			isa = XCBuildConfiguration;
			buildSettings = {
				ASSETCATALOG_COMPILER_APPICON_NAME = AppIcon;
				ASSETCATALOG_COMPILER_GLOBAL_ACCENT_COLOR_NAME = AccentColor;
				CODE_SIGN_STYLE = Automatic;
				CURRENT_PROJECT_VERSION = 1;
				GENERATE_INFOPLIST_FILE = YES;
				INFOPLIST_FILE = Dicer/Info.plist;
				INFOPLIST_KEY_UIApplicationSupportsIndirectInputEvents = YES;
				INFOPLIST_KEY_UILaunchStoryboardName = LaunchScreen;
				INFOPLIST_KEY_UIMainStoryboardFile = Main;
				INFOPLIST_KEY_UISupportedInterfaceOrientations_iPad = "UIInterfaceOrientationPortrait UIInterfaceOrientationPortraitUpsideDown UIInterfaceOrientationLandscapeLeft UIInterfaceOrientationLandscapeRight";
				INFOPLIST_KEY_UISupportedInterfaceOrientations_iPhone = "UIInterfaceOrientationPortrait UIInterfaceOrientationLandscapeLeft UIInterfaceOrientationLandscapeRight";
				LD_RUNPATH_SEARCH_PATHS = (
					"$(inherited)",
					"@executable_path/Frameworks",
				);
				MARKETING_VERSION = 1.0;
				PRODUCT_BUNDLE_IDENTIFIER = co.Dicer;
				PRODUCT_NAME = "$(TARGET_NAME)";
				SWIFT_EMIT_LOC_STRINGS = YES;
				SWIFT_VERSION = 5.0;
				TARGETED_DEVICE_FAMILY = "1,2";
			};
			name = Release;
		};
		45DED9492A6B841A00C9457B /* Debug */ = {
			isa = XCBuildConfiguration;
			buildSettings = {
				ALWAYS_EMBED_SWIFT_STANDARD_LIBRARIES = YES;
				BUNDLE_LOADER = "$(TEST_HOST)";
				CODE_SIGN_STYLE = Automatic;
				CURRENT_PROJECT_VERSION = 1;
				GENERATE_INFOPLIST_FILE = YES;
				IPHONEOS_DEPLOYMENT_TARGET = 16.4;
				MARKETING_VERSION = 1.0;
				PRODUCT_BUNDLE_IDENTIFIER = co.DicerTests;
				PRODUCT_NAME = "$(TARGET_NAME)";
				SWIFT_EMIT_LOC_STRINGS = NO;
				SWIFT_VERSION = 5.0;
				TARGETED_DEVICE_FAMILY = "1,2";
				TEST_HOST = "$(BUILT_PRODUCTS_DIR)/Dicer.app/$(BUNDLE_EXECUTABLE_FOLDER_PATH)/Dicer";
			};
			name = Debug;
		};
		45DED94A2A6B841A00C9457B /* Release */ = {
			isa = XCBuildConfiguration;
			buildSettings = {
				ALWAYS_EMBED_SWIFT_STANDARD_LIBRARIES = YES;
				BUNDLE_LOADER = "$(TEST_HOST)";
				CODE_SIGN_STYLE = Automatic;
				CURRENT_PROJECT_VERSION = 1;
				GENERATE_INFOPLIST_FILE = YES;
				IPHONEOS_DEPLOYMENT_TARGET = 16.4;
				MARKETING_VERSION = 1.0;
				PRODUCT_BUNDLE_IDENTIFIER = co.DicerTests;
				PRODUCT_NAME = "$(TARGET_NAME)";
				SWIFT_EMIT_LOC_STRINGS = NO;
				SWIFT_VERSION = 5.0;
				TARGETED_DEVICE_FAMILY = "1,2";
				TEST_HOST = "$(BUILT_PRODUCTS_DIR)/Dicer.app/$(BUNDLE_EXECUTABLE_FOLDER_PATH)/Dicer";
			};
			name = Release;
		};
		45DED94C2A6B841A00C9457B /* Debug */ = {
			isa = XCBuildConfiguration;
			buildSettings = {
				ALWAYS_EMBED_SWIFT_STANDARD_LIBRARIES = YES;
				CODE_SIGN_STYLE = Automatic;
				CURRENT_PROJECT_VERSION = 1;
				GENERATE_INFOPLIST_FILE = YES;
				MARKETING_VERSION = 1.0;
				PRODUCT_BUNDLE_IDENTIFIER = co.DicerUITests;
				PRODUCT_NAME = "$(TARGET_NAME)";
				SWIFT_EMIT_LOC_STRINGS = NO;
				SWIFT_VERSION = 5.0;
				TARGETED_DEVICE_FAMILY = "1,2";
				TEST_TARGET_NAME = Dicer;
			};
			name = Debug;
		};
		45DED94D2A6B841A00C9457B /* Release */ = {
			isa = XCBuildConfiguration;
			buildSettings = {
				ALWAYS_EMBED_SWIFT_STANDARD_LIBRARIES = YES;
				CODE_SIGN_STYLE = Automatic;
				CURRENT_PROJECT_VERSION = 1;
				GENERATE_INFOPLIST_FILE = YES;
				MARKETING_VERSION = 1.0;
				PRODUCT_BUNDLE_IDENTIFIER = co.DicerUITests;
				PRODUCT_NAME = "$(TARGET_NAME)";
				SWIFT_EMIT_LOC_STRINGS = NO;
				SWIFT_VERSION = 5.0;
				TARGETED_DEVICE_FAMILY = "1,2";
				TEST_TARGET_NAME = Dicer;
			};
			name = Release;
		};
/* End XCBuildConfiguration section */

/* Begin XCConfigurationList section */
		45DED9162A6B841700C9457B /* Build configuration list for PBXProject "Dicer" */ = {
			isa = XCConfigurationList;
			buildConfigurations = (
				45DED9432A6B841A00C9457B /* Debug */,
				45DED9442A6B841A00C9457B /* Release */,
			);
			defaultConfigurationIsVisible = 0;
			defaultConfigurationName = Release;
		};
		45DED9452A6B841A00C9457B /* Build configuration list for PBXNativeTarget "Dicer" */ = {
			isa = XCConfigurationList;
			buildConfigurations = (
				45DED9462A6B841A00C9457B /* Debug */,
				45DED9472A6B841A00C9457B /* Release */,
			);
			defaultConfigurationIsVisible = 0;
			defaultConfigurationName = Release;
		};
		45DED9482A6B841A00C9457B /* Build configuration list for PBXNativeTarget "DicerTests" */ = {
			isa = XCConfigurationList;
			buildConfigurations = (
				45DED9492A6B841A00C9457B /* Debug */,
				45DED94A2A6B841A00C9457B /* Release */,
			);
			defaultConfigurationIsVisible = 0;
			defaultConfigurationName = Release;
		};
		45DED94B2A6B841A00C9457B /* Build configuration list for PBXNativeTarget "DicerUITests" */ = {
			isa = XCConfigurationList;
			buildConfigurations = (
				45DED94C2A6B841A00C9457B /* Debug */,
				45DED94D2A6B841A00C9457B /* Release */,
			);
			defaultConfigurationIsVisible = 0;
			defaultConfigurationName = Release;
		};
/* End XCConfigurationList section */
	};
	rootObject = 45DED9132A6B841700C9457B /* Project object */;
}
